
Microsoft Visual Studio Solution File, Format Version 12.00
# Visual Studio 2013
VisualStudioVersion = 12.0.31101.0
MinimumVisualStudioVersion = 10.0.40219.1
Project("{FAE04EC0-301F-11D3-BF4B-00C04F79EFBC}") = "Server", "Server\Server.csproj", "{A244A83A-886E-46B9-B3E0-00AC6011EC4A}"
EndProject
Project("{FAE04EC0-301F-11D3-BF4B-00C04F79EFBC}") = "OculusRift", "Controllers\OculusRift\OculusRift\OculusRift.csproj", "{7285C6F4-216A-4937-B11A-0622F5ECC75E}"
EndProject
Project("{8BC9CEB8-8B4A-11D0-8D11-00A0C91BC942}") = "RiftWrapper", "Controllers\OculusRift\RiftWrapper\RiftWrapper.vcxproj", "{7DF473F0-D373-4021-9E26-0A816FBD8C8A}"
EndProject
Project("{FAE04EC0-301F-11D3-BF4B-00C04F79EFBC}") = "XboxController", "Controllers\XboxController\XboxController.csproj", "{F72735B8-F473-4BCF-B63F-F02A53B3E7B0}"
EndProject
Project("{FAE04EC0-301F-11D3-BF4B-00C04F79EFBC}") = "TestHarness", "TestHarness\TestHarness.csproj", "{F29DEAE4-277E-4EF8-B7D3-BC08030A2433}"
EndProject
Project("{FAE04EC0-301F-11D3-BF4B-00C04F79EFBC}") = "ControllerServer", "ControllerServer\ControllerServer.csproj", "{2344B5D4-D8FA-4A6A-9CBE-6351BDA8D014}"
EndProject
Global
	GlobalSection(SolutionConfigurationPlatforms) = preSolution
		BuildGUI|Any CPU = BuildGUI|Any CPU
		BuildGUI|Mixed Platforms = BuildGUI|Mixed Platforms
		BuildGUI|Win32 = BuildGUI|Win32
		Debug|Any CPU = Debug|Any CPU
		Debug|Mixed Platforms = Debug|Mixed Platforms
		Debug|Win32 = Debug|Win32
		DebugCSharp|Any CPU = DebugCSharp|Any CPU
		DebugCSharp|Mixed Platforms = DebugCSharp|Mixed Platforms
		DebugCSharp|Win32 = DebugCSharp|Win32
		DebugServer|Any CPU = DebugServer|Any CPU
		DebugServer|Mixed Platforms = DebugServer|Mixed Platforms
		DebugServer|Win32 = DebugServer|Win32
		Release|Any CPU = Release|Any CPU
		Release|Mixed Platforms = Release|Mixed Platforms
		Release|Win32 = Release|Win32
	EndGlobalSection
	GlobalSection(ProjectConfigurationPlatforms) = postSolution
		{A244A83A-886E-46B9-B3E0-00AC6011EC4A}.BuildGUI|Any CPU.ActiveCfg = BuildGUI|Any CPU
		{A244A83A-886E-46B9-B3E0-00AC6011EC4A}.BuildGUI|Any CPU.Build.0 = BuildGUI|Any CPU
		{A244A83A-886E-46B9-B3E0-00AC6011EC4A}.BuildGUI|Mixed Platforms.ActiveCfg = BuildGUI|Any CPU
		{A244A83A-886E-46B9-B3E0-00AC6011EC4A}.BuildGUI|Mixed Platforms.Build.0 = BuildGUI|Any CPU
		{A244A83A-886E-46B9-B3E0-00AC6011EC4A}.BuildGUI|Win32.ActiveCfg = BuildGUI|Any CPU
		{A244A83A-886E-46B9-B3E0-00AC6011EC4A}.Debug|Any CPU.ActiveCfg = Debug|Any CPU
		{A244A83A-886E-46B9-B3E0-00AC6011EC4A}.Debug|Any CPU.Build.0 = Debug|Any CPU
		{A244A83A-886E-46B9-B3E0-00AC6011EC4A}.Debug|Mixed Platforms.ActiveCfg = Debug|Any CPU
		{A244A83A-886E-46B9-B3E0-00AC6011EC4A}.Debug|Mixed Platforms.Build.0 = Debug|Any CPU
		{A244A83A-886E-46B9-B3E0-00AC6011EC4A}.Debug|Win32.ActiveCfg = Debug|Any CPU
		{A244A83A-886E-46B9-B3E0-00AC6011EC4A}.DebugCSharp|Any CPU.ActiveCfg = DebugCSharp|Any CPU
		{A244A83A-886E-46B9-B3E0-00AC6011EC4A}.DebugCSharp|Any CPU.Build.0 = DebugCSharp|Any CPU
		{A244A83A-886E-46B9-B3E0-00AC6011EC4A}.DebugCSharp|Mixed Platforms.ActiveCfg = Debug|Any CPU
		{A244A83A-886E-46B9-B3E0-00AC6011EC4A}.DebugCSharp|Mixed Platforms.Build.0 = Debug|Any CPU
		{A244A83A-886E-46B9-B3E0-00AC6011EC4A}.DebugCSharp|Win32.ActiveCfg = DebugCSharp|Any CPU
		{A244A83A-886E-46B9-B3E0-00AC6011EC4A}.DebugServer|Any CPU.ActiveCfg = DebugServer|Any CPU
		{A244A83A-886E-46B9-B3E0-00AC6011EC4A}.DebugServer|Any CPU.Build.0 = DebugServer|Any CPU
		{A244A83A-886E-46B9-B3E0-00AC6011EC4A}.DebugServer|Mixed Platforms.ActiveCfg = DebugServer|Any CPU
		{A244A83A-886E-46B9-B3E0-00AC6011EC4A}.DebugServer|Mixed Platforms.Build.0 = DebugServer|Any CPU
		{A244A83A-886E-46B9-B3E0-00AC6011EC4A}.DebugServer|Win32.ActiveCfg = DebugServer|Any CPU
		{A244A83A-886E-46B9-B3E0-00AC6011EC4A}.Release|Any CPU.ActiveCfg = Release|Any CPU
		{A244A83A-886E-46B9-B3E0-00AC6011EC4A}.Release|Any CPU.Build.0 = Release|Any CPU
		{A244A83A-886E-46B9-B3E0-00AC6011EC4A}.Release|Mixed Platforms.ActiveCfg = Release|Any CPU
		{A244A83A-886E-46B9-B3E0-00AC6011EC4A}.Release|Mixed Platforms.Build.0 = Release|Any CPU
		{A244A83A-886E-46B9-B3E0-00AC6011EC4A}.Release|Win32.ActiveCfg = Release|Any CPU
		{7285C6F4-216A-4937-B11A-0622F5ECC75E}.BuildGUI|Any CPU.ActiveCfg = BuildGUI|Any CPU
		{7285C6F4-216A-4937-B11A-0622F5ECC75E}.BuildGUI|Any CPU.Build.0 = BuildGUI|Any CPU
		{7285C6F4-216A-4937-B11A-0622F5ECC75E}.BuildGUI|Mixed Platforms.ActiveCfg = BuildGUI|Any CPU
		{7285C6F4-216A-4937-B11A-0622F5ECC75E}.BuildGUI|Mixed Platforms.Build.0 = BuildGUI|Any CPU
		{7285C6F4-216A-4937-B11A-0622F5ECC75E}.BuildGUI|Win32.ActiveCfg = BuildGUI|Any CPU
		{7285C6F4-216A-4937-B11A-0622F5ECC75E}.Debug|Any CPU.ActiveCfg = Debug|Any CPU
		{7285C6F4-216A-4937-B11A-0622F5ECC75E}.Debug|Any CPU.Build.0 = Debug|Any CPU
		{7285C6F4-216A-4937-B11A-0622F5ECC75E}.Debug|Mixed Platforms.ActiveCfg = Debug|Any CPU
		{7285C6F4-216A-4937-B11A-0622F5ECC75E}.Debug|Mixed Platforms.Build.0 = Debug|Any CPU
		{7285C6F4-216A-4937-B11A-0622F5ECC75E}.Debug|Win32.ActiveCfg = Debug|Any CPU
		{7285C6F4-216A-4937-B11A-0622F5ECC75E}.DebugCSharp|Any CPU.ActiveCfg = DebugCSharp|Any CPU
		{7285C6F4-216A-4937-B11A-0622F5ECC75E}.DebugCSharp|Any CPU.Build.0 = DebugCSharp|Any CPU
		{7285C6F4-216A-4937-B11A-0622F5ECC75E}.DebugCSharp|Mixed Platforms.ActiveCfg = Debug|Any CPU
		{7285C6F4-216A-4937-B11A-0622F5ECC75E}.DebugCSharp|Mixed Platforms.Build.0 = Debug|Any CPU
		{7285C6F4-216A-4937-B11A-0622F5ECC75E}.DebugCSharp|Win32.ActiveCfg = DebugCSharp|Any CPU
		{7285C6F4-216A-4937-B11A-0622F5ECC75E}.DebugServer|Any CPU.ActiveCfg = DebugServer|Any CPU
		{7285C6F4-216A-4937-B11A-0622F5ECC75E}.DebugServer|Any CPU.Build.0 = DebugServer|Any CPU
		{7285C6F4-216A-4937-B11A-0622F5ECC75E}.DebugServer|Mixed Platforms.ActiveCfg = DebugServer|Any CPU
		{7285C6F4-216A-4937-B11A-0622F5ECC75E}.DebugServer|Mixed Platforms.Build.0 = DebugServer|Any CPU
		{7285C6F4-216A-4937-B11A-0622F5ECC75E}.DebugServer|Win32.ActiveCfg = DebugServer|Any CPU
		{7285C6F4-216A-4937-B11A-0622F5ECC75E}.Release|Any CPU.ActiveCfg = Release|Any CPU
		{7285C6F4-216A-4937-B11A-0622F5ECC75E}.Release|Any CPU.Build.0 = Release|Any CPU
		{7285C6F4-216A-4937-B11A-0622F5ECC75E}.Release|Mixed Platforms.ActiveCfg = Release|Any CPU
		{7285C6F4-216A-4937-B11A-0622F5ECC75E}.Release|Mixed Platforms.Build.0 = Release|Any CPU
		{7285C6F4-216A-4937-B11A-0622F5ECC75E}.Release|Win32.ActiveCfg = Release|Any CPU
		{7DF473F0-D373-4021-9E26-0A816FBD8C8A}.BuildGUI|Any CPU.ActiveCfg = BuildGUI|Win32
		{7DF473F0-D373-4021-9E26-0A816FBD8C8A}.BuildGUI|Mixed Platforms.ActiveCfg = BuildGUI|Win32
		{7DF473F0-D373-4021-9E26-0A816FBD8C8A}.BuildGUI|Mixed Platforms.Build.0 = BuildGUI|Win32
		{7DF473F0-D373-4021-9E26-0A816FBD8C8A}.BuildGUI|Win32.ActiveCfg = BuildGUI|Win32
		{7DF473F0-D373-4021-9E26-0A816FBD8C8A}.BuildGUI|Win32.Build.0 = BuildGUI|Win32
		{7DF473F0-D373-4021-9E26-0A816FBD8C8A}.Debug|Any CPU.ActiveCfg = Debug|Win32
		{7DF473F0-D373-4021-9E26-0A816FBD8C8A}.Debug|Mixed Platforms.ActiveCfg = Release|Win32
		{7DF473F0-D373-4021-9E26-0A816FBD8C8A}.Debug|Mixed Platforms.Build.0 = Release|Win32
		{7DF473F0-D373-4021-9E26-0A816FBD8C8A}.Debug|Win32.ActiveCfg = Debug|Win32
		{7DF473F0-D373-4021-9E26-0A816FBD8C8A}.Debug|Win32.Build.0 = Debug|Win32
		{7DF473F0-D373-4021-9E26-0A816FBD8C8A}.DebugCSharp|Any CPU.ActiveCfg = DebugCSharp|Win32
		{7DF473F0-D373-4021-9E26-0A816FBD8C8A}.DebugCSharp|Mixed Platforms.ActiveCfg = Release|Win32
		{7DF473F0-D373-4021-9E26-0A816FBD8C8A}.DebugCSharp|Mixed Platforms.Build.0 = Release|Win32
		{7DF473F0-D373-4021-9E26-0A816FBD8C8A}.DebugCSharp|Win32.ActiveCfg = DebugCSharp|Win32
		{7DF473F0-D373-4021-9E26-0A816FBD8C8A}.DebugCSharp|Win32.Build.0 = DebugCSharp|Win32
		{7DF473F0-D373-4021-9E26-0A816FBD8C8A}.DebugServer|Any CPU.ActiveCfg = DebugServer|Win32
		{7DF473F0-D373-4021-9E26-0A816FBD8C8A}.DebugServer|Mixed Platforms.ActiveCfg = DebugServer|Win32
		{7DF473F0-D373-4021-9E26-0A816FBD8C8A}.DebugServer|Mixed Platforms.Build.0 = DebugServer|Win32
		{7DF473F0-D373-4021-9E26-0A816FBD8C8A}.DebugServer|Win32.ActiveCfg = DebugServer|Win32
		{7DF473F0-D373-4021-9E26-0A816FBD8C8A}.DebugServer|Win32.Build.0 = DebugServer|Win32
		{7DF473F0-D373-4021-9E26-0A816FBD8C8A}.Release|Any CPU.ActiveCfg = Release|Win32
		{7DF473F0-D373-4021-9E26-0A816FBD8C8A}.Release|Mixed Platforms.ActiveCfg = Release|Win32
		{7DF473F0-D373-4021-9E26-0A816FBD8C8A}.Release|Mixed Platforms.Build.0 = Release|Win32
		{7DF473F0-D373-4021-9E26-0A816FBD8C8A}.Release|Win32.ActiveCfg = Release|Win32
		{7DF473F0-D373-4021-9E26-0A816FBD8C8A}.Release|Win32.Build.0 = Release|Win32
		{F72735B8-F473-4BCF-B63F-F02A53B3E7B0}.BuildGUI|Any CPU.ActiveCfg = BuildGUI|Any CPU
		{F72735B8-F473-4BCF-B63F-F02A53B3E7B0}.BuildGUI|Any CPU.Build.0 = BuildGUI|Any CPU
		{F72735B8-F473-4BCF-B63F-F02A53B3E7B0}.BuildGUI|Mixed Platforms.ActiveCfg = BuildGUI|Any CPU
		{F72735B8-F473-4BCF-B63F-F02A53B3E7B0}.BuildGUI|Mixed Platforms.Build.0 = BuildGUI|Any CPU
		{F72735B8-F473-4BCF-B63F-F02A53B3E7B0}.BuildGUI|Win32.ActiveCfg = BuildGUI|Any CPU
		{F72735B8-F473-4BCF-B63F-F02A53B3E7B0}.Debug|Any CPU.ActiveCfg = Debug|Any CPU
		{F72735B8-F473-4BCF-B63F-F02A53B3E7B0}.Debug|Any CPU.Build.0 = Debug|Any CPU
		{F72735B8-F473-4BCF-B63F-F02A53B3E7B0}.Debug|Mixed Platforms.ActiveCfg = Debug|Any CPU
		{F72735B8-F473-4BCF-B63F-F02A53B3E7B0}.Debug|Mixed Platforms.Build.0 = Debug|Any CPU
		{F72735B8-F473-4BCF-B63F-F02A53B3E7B0}.Debug|Win32.ActiveCfg = Debug|Any CPU
		{F72735B8-F473-4BCF-B63F-F02A53B3E7B0}.DebugCSharp|Any CPU.ActiveCfg = Debug|Any CPU
		{F72735B8-F473-4BCF-B63F-F02A53B3E7B0}.DebugCSharp|Any CPU.Build.0 = Debug|Any CPU
		{F72735B8-F473-4BCF-B63F-F02A53B3E7B0}.DebugCSharp|Mixed Platforms.ActiveCfg = Debug|Any CPU
		{F72735B8-F473-4BCF-B63F-F02A53B3E7B0}.DebugCSharp|Mixed Platforms.Build.0 = Debug|Any CPU
		{F72735B8-F473-4BCF-B63F-F02A53B3E7B0}.DebugCSharp|Win32.ActiveCfg = Debug|Any CPU
		{F72735B8-F473-4BCF-B63F-F02A53B3E7B0}.DebugServer|Any CPU.ActiveCfg = Debug|Any CPU
		{F72735B8-F473-4BCF-B63F-F02A53B3E7B0}.DebugServer|Any CPU.Build.0 = Debug|Any CPU
		{F72735B8-F473-4BCF-B63F-F02A53B3E7B0}.DebugServer|Mixed Platforms.ActiveCfg = DebugServer|Any CPU
		{F72735B8-F473-4BCF-B63F-F02A53B3E7B0}.DebugServer|Mixed Platforms.Build.0 = DebugServer|Any CPU
		{F72735B8-F473-4BCF-B63F-F02A53B3E7B0}.DebugServer|Win32.ActiveCfg = Debug|Any CPU
		{F72735B8-F473-4BCF-B63F-F02A53B3E7B0}.Release|Any CPU.ActiveCfg = Release|Any CPU
		{F72735B8-F473-4BCF-B63F-F02A53B3E7B0}.Release|Any CPU.Build.0 = Release|Any CPU
		{F72735B8-F473-4BCF-B63F-F02A53B3E7B0}.Release|Mixed Platforms.ActiveCfg = Release|Any CPU
		{F72735B8-F473-4BCF-B63F-F02A53B3E7B0}.Release|Mixed Platforms.Build.0 = Release|Any CPU
		{F72735B8-F473-4BCF-B63F-F02A53B3E7B0}.Release|Win32.ActiveCfg = Release|Any CPU
		{F29DEAE4-277E-4EF8-B7D3-BC08030A2433}.BuildGUI|Any CPU.ActiveCfg = BuildGUI|Any CPU
		{F29DEAE4-277E-4EF8-B7D3-BC08030A2433}.BuildGUI|Any CPU.Build.0 = BuildGUI|Any CPU
		{F29DEAE4-277E-4EF8-B7D3-BC08030A2433}.BuildGUI|Mixed Platforms.ActiveCfg = BuildGUI|Any CPU
		{F29DEAE4-277E-4EF8-B7D3-BC08030A2433}.BuildGUI|Mixed Platforms.Build.0 = BuildGUI|Any CPU
		{F29DEAE4-277E-4EF8-B7D3-BC08030A2433}.BuildGUI|Win32.ActiveCfg = BuildGUI|Any CPU
		{F29DEAE4-277E-4EF8-B7D3-BC08030A2433}.Debug|Any CPU.ActiveCfg = Debug|Any CPU
		{F29DEAE4-277E-4EF8-B7D3-BC08030A2433}.Debug|Any CPU.Build.0 = Debug|Any CPU
		{F29DEAE4-277E-4EF8-B7D3-BC08030A2433}.Debug|Mixed Platforms.ActiveCfg = Debug|Any CPU
		{F29DEAE4-277E-4EF8-B7D3-BC08030A2433}.Debug|Mixed Platforms.Build.0 = Debug|Any CPU
		{F29DEAE4-277E-4EF8-B7D3-BC08030A2433}.Debug|Win32.ActiveCfg = Debug|Any CPU
		{F29DEAE4-277E-4EF8-B7D3-BC08030A2433}.DebugCSharp|Any CPU.ActiveCfg = Debug|Any CPU
		{F29DEAE4-277E-4EF8-B7D3-BC08030A2433}.DebugCSharp|Any CPU.Build.0 = Debug|Any CPU
		{F29DEAE4-277E-4EF8-B7D3-BC08030A2433}.DebugCSharp|Mixed Platforms.ActiveCfg = Debug|Any CPU
		{F29DEAE4-277E-4EF8-B7D3-BC08030A2433}.DebugCSharp|Mixed Platforms.Build.0 = Debug|Any CPU
		{F29DEAE4-277E-4EF8-B7D3-BC08030A2433}.DebugCSharp|Win32.ActiveCfg = Debug|Any CPU
		{F29DEAE4-277E-4EF8-B7D3-BC08030A2433}.DebugServer|Any CPU.ActiveCfg = Debug|Any CPU
		{F29DEAE4-277E-4EF8-B7D3-BC08030A2433}.DebugServer|Any CPU.Build.0 = Debug|Any CPU
		{F29DEAE4-277E-4EF8-B7D3-BC08030A2433}.DebugServer|Mixed Platforms.ActiveCfg = Debug|Any CPU
		{F29DEAE4-277E-4EF8-B7D3-BC08030A2433}.DebugServer|Mixed Platforms.Build.0 = Debug|Any CPU
		{F29DEAE4-277E-4EF8-B7D3-BC08030A2433}.DebugServer|Win32.ActiveCfg = Debug|Any CPU
		{F29DEAE4-277E-4EF8-B7D3-BC08030A2433}.Release|Any CPU.ActiveCfg = Release|Any CPU
		{F29DEAE4-277E-4EF8-B7D3-BC08030A2433}.Release|Any CPU.Build.0 = Release|Any CPU
		{F29DEAE4-277E-4EF8-B7D3-BC08030A2433}.Release|Mixed Platforms.ActiveCfg = Release|Any CPU
		{F29DEAE4-277E-4EF8-B7D3-BC08030A2433}.Release|Mixed Platforms.Build.0 = Release|Any CPU
		{F29DEAE4-277E-4EF8-B7D3-BC08030A2433}.Release|Win32.ActiveCfg = Release|Any CPU
		{2344B5D4-D8FA-4A6A-9CBE-6351BDA8D014}.BuildGUI|Any CPU.ActiveCfg = BuildGUI|Any CPU
		{2344B5D4-D8FA-4A6A-9CBE-6351BDA8D014}.BuildGUI|Any CPU.Build.0 = BuildGUI|Any CPU
		{2344B5D4-D8FA-4A6A-9CBE-6351BDA8D014}.BuildGUI|Mixed Platforms.ActiveCfg = BuildGUI|Any CPU
		{2344B5D4-D8FA-4A6A-9CBE-6351BDA8D014}.BuildGUI|Mixed Platforms.Build.0 = BuildGUI|Any CPU
		{2344B5D4-D8FA-4A6A-9CBE-6351BDA8D014}.BuildGUI|Win32.ActiveCfg = BuildGUI|Any CPU
		{2344B5D4-D8FA-4A6A-9CBE-6351BDA8D014}.Debug|Any CPU.ActiveCfg = Debug|Any CPU
		{2344B5D4-D8FA-4A6A-9CBE-6351BDA8D014}.Debug|Any CPU.Build.0 = Debug|Any CPU
		{2344B5D4-D8FA-4A6A-9CBE-6351BDA8D014}.Debug|Mixed Platforms.ActiveCfg = Debug|Any CPU
		{2344B5D4-D8FA-4A6A-9CBE-6351BDA8D014}.Debug|Mixed Platforms.Build.0 = Debug|Any CPU
		{2344B5D4-D8FA-4A6A-9CBE-6351BDA8D014}.Debug|Win32.ActiveCfg = Debug|Any CPU
		{2344B5D4-D8FA-4A6A-9CBE-6351BDA8D014}.DebugCSharp|Any CPU.ActiveCfg = Debug|Any CPU
		{2344B5D4-D8FA-4A6A-9CBE-6351BDA8D014}.DebugCSharp|Any CPU.Build.0 = Debug|Any CPU
		{2344B5D4-D8FA-4A6A-9CBE-6351BDA8D014}.DebugCSharp|Mixed Platforms.ActiveCfg = Debug|Any CPU
		{2344B5D4-D8FA-4A6A-9CBE-6351BDA8D014}.DebugCSharp|Mixed Platforms.Build.0 = Debug|Any CPU
		{2344B5D4-D8FA-4A6A-9CBE-6351BDA8D014}.DebugCSharp|Win32.ActiveCfg = Debug|Any CPU
		{2344B5D4-D8FA-4A6A-9CBE-6351BDA8D014}.DebugServer|Any CPU.ActiveCfg = Debug|Any CPU
		{2344B5D4-D8FA-4A6A-9CBE-6351BDA8D014}.DebugServer|Any CPU.Build.0 = Debug|Any CPU
		{2344B5D4-D8FA-4A6A-9CBE-6351BDA8D014}.DebugServer|Mixed Platforms.ActiveCfg = Debug|Any CPU
		{2344B5D4-D8FA-4A6A-9CBE-6351BDA8D014}.DebugServer|Mixed Platforms.Build.0 = Debug|Any CPU
		{2344B5D4-D8FA-4A6A-9CBE-6351BDA8D014}.DebugServer|Win32.ActiveCfg = Debug|Any CPU
		{2344B5D4-D8FA-4A6A-9CBE-6351BDA8D014}.Release|Any CPU.ActiveCfg = Release|Any CPU
		{2344B5D4-D8FA-4A6A-9CBE-6351BDA8D014}.Release|Any CPU.Build.0 = Release|Any CPU
		{2344B5D4-D8FA-4A6A-9CBE-6351BDA8D014}.Release|Mixed Platforms.ActiveCfg = Release|Any CPU
		{2344B5D4-D8FA-4A6A-9CBE-6351BDA8D014}.Release|Mixed Platforms.Build.0 = Release|Any CPU
		{2344B5D4-D8FA-4A6A-9CBE-6351BDA8D014}.Release|Win32.ActiveCfg = Release|Any CPU
	EndGlobalSection
	GlobalSection(SolutionProperties) = preSolution
		HideSolutionNode = FALSE
	EndGlobalSection
EndGlobal
